
Microsoft Visual Studio Solution File, Format Version 12.00
# Visual Studio Version 16
VisualStudioVersion = 16.0.30204.135
MinimumVisualStudioVersion = 10.0.40219.1
Project("{9A19103F-16F7-4668-BE54-9A1E7A4F7556}") = "NumbersRecognizer.ConsoleHost", "NumbersRecognizer\NumbersRecognizer.ConsoleHost.csproj", "{F84BB677-1910-4DCC-85FC-76C191105BA0}"
EndProject
Project("{9A19103F-16F7-4668-BE54-9A1E7A4F7556}") = "NumbersRecognizer.IO", "NumbersRecognizer.IO\NumbersRecognizer.IO.csproj", "{4C03DA66-DCFC-429A-A14B-F48C7C6229FC}"
EndProject
Project("{9A19103F-16F7-4668-BE54-9A1E7A4F7556}") = "NumbersRecognizer.Core", "NumbersRecognizer.Core\NumbersRecognizer.Core.csproj", "{B6710896-7D9A-4CF3-AD90-4DFB151EE46E}"
EndProject
Project("{FAE04EC0-301F-11D3-BF4B-00C04F79EFBC}") = "NumbersRecognizer.Composition", "NumbersRecognizer.Composition\NumbersRecognizer.Composition.csproj", "{4B7A3001-C875-400E-85A1-CFECF492D821}"
EndProject
Project("{FAE04EC0-301F-11D3-BF4B-00C04F79EFBC}") = "NumbersRecognizer.Interface", "NumbersRecognizer.Interface\NumbersRecognizer.Interface.csproj", "{A1499858-F477-45C0-AA71-E33B7EFCDA47}"
EndProject
Global
	GlobalSection(SolutionConfigurationPlatforms) = preSolution
		Debug|Any CPU = Debug|Any CPU
		Release|Any CPU = Release|Any CPU
	EndGlobalSection
	GlobalSection(ProjectConfigurationPlatforms) = postSolution
		{F84BB677-1910-4DCC-85FC-76C191105BA0}.Debug|Any CPU.ActiveCfg = Debug|Any CPU
		{F84BB677-1910-4DCC-85FC-76C191105BA0}.Debug|Any CPU.Build.0 = Debug|Any CPU
		{F84BB677-1910-4DCC-85FC-76C191105BA0}.Release|Any CPU.ActiveCfg = Release|Any CPU
		{F84BB677-1910-4DCC-85FC-76C191105BA0}.Release|Any CPU.Build.0 = Release|Any CPU
		{4C03DA66-DCFC-429A-A14B-F48C7C6229FC}.Debug|Any CPU.ActiveCfg = Debug|Any CPU
		{4C03DA66-DCFC-429A-A14B-F48C7C6229FC}.Debug|Any CPU.Build.0 = Debug|Any CPU
		{4C03DA66-DCFC-429A-A14B-F48C7C6229FC}.Release|Any CPU.ActiveCfg = Release|Any CPU
		{4C03DA66-DCFC-429A-A14B-F48C7C6229FC}.Release|Any CPU.Build.0 = Release|Any CPU
		{B6710896-7D9A-4CF3-AD90-4DFB151EE46E}.Debug|Any CPU.ActiveCfg = Debug|Any CPU
		{B6710896-7D9A-4CF3-AD90-4DFB151EE46E}.Debug|Any CPU.Build.0 = Debug|Any CPU
		{B6710896-7D9A-4CF3-AD90-4DFB151EE46E}.Release|Any CPU.ActiveCfg = Release|Any CPU
		{B6710896-7D9A-4CF3-AD90-4DFB151EE46E}.Release|Any CPU.Build.0 = Release|Any CPU
		{4B7A3001-C875-400E-85A1-CFECF492D821}.Debug|Any CPU.ActiveCfg = Debug|Any CPU
		{4B7A3001-C875-400E-85A1-CFECF492D821}.Debug|Any CPU.Build.0 = Debug|Any CPU
		{4B7A3001-C875-400E-85A1-CFECF492D821}.Release|Any CPU.ActiveCfg = Release|Any CPU
		{4B7A3001-C875-400E-85A1-CFECF492D821}.Release|Any CPU.Build.0 = Release|Any CPU
		{A1499858-F477-45C0-AA71-E33B7EFCDA47}.Debug|Any CPU.ActiveCfg = Debug|Any CPU
		{A1499858-F477-45C0-AA71-E33B7EFCDA47}.Debug|Any CPU.Build.0 = Debug|Any CPU
		{A1499858-F477-45C0-AA71-E33B7EFCDA47}.Release|Any CPU.ActiveCfg = Release|Any CPU
		{A1499858-F477-45C0-AA71-E33B7EFCDA47}.Release|Any CPU.Build.0 = Release|Any CPU
	EndGlobalSection
	GlobalSection(SolutionProperties) = preSolution
		HideSolutionNode = FALSE
	EndGlobalSection
	GlobalSection(ExtensibilityGlobals) = postSolution
		SolutionGuid = {386EC60E-5F40-4601-830F-150C6C0678C5}
	EndGlobalSection
EndGlobal
